<?xml version="1.0" encoding="utf-8"?>
<Project ToolsVersion="4.0" xmlns="http://schemas.microsoft.com/developer/msbuild/2003">
  <ItemGroup>
    <Filter Include="Povox">
      <UniqueIdentifier>{418BE50D-AD9F-0DBF-7621-B11EE2F409F0}</UniqueIdentifier>
    </Filter>
    <Filter Include="Povox\Events">
      <UniqueIdentifier>{05E40761-F146-9705-9ACC-CFBB860E6388}</UniqueIdentifier>
    </Filter>
  </ItemGroup>
  <ItemGroup>
    <ClInclude Include="src\Povox.h" />
    <ClInclude Include="src\Povox\Application.h">
      <Filter>Povox</Filter>
    </ClInclude>
    <ClInclude Include="src\Povox\Core.h">
      <Filter>Povox</Filter>
    </ClInclude>
    <ClInclude Include="src\Povox\EntryPoint.h">
      <Filter>Povox</Filter>
    </ClInclude>
    <ClInclude Include="src\Povox\Events\ApplicationEvent.h">
      <Filter>Povox\Events</Filter>
    </ClInclude>
    <ClInclude Include="src\Povox\Events\Event.h">
      <Filter>Povox\Events</Filter>
    </ClInclude>
    <ClInclude Include="src\Povox\Events\KeyEvent.h">
      <Filter>Povox\Events</Filter>
    </ClInclude>
    <ClInclude Include="src\Povox\Events\MouseEvent.h">
      <Filter>Povox\Events</Filter>
    </ClInclude>
    <ClInclude Include="src\Povox\Log.h">
      <Filter>Povox</Filter>
    </ClInclude>
  </ItemGroup>
  <ItemGroup>
    <ClCompile Include="src\Povox\Application.cpp">
      <Filter>Povox</Filter>
    </ClCompile>
    <ClCompile Include="src\Povox\Log.cpp">
      <Filter>Povox</Filter>
    </ClCompile>
  </ItemGroup>
</Project>