<?xml version="1.0" encoding="utf-8"?>
<Project ToolsVersion="4.0" xmlns="http://schemas.microsoft.com/developer/msbuild/2003">
  <ItemGroup>
    <Filter Include="Platform">
      <UniqueIdentifier>{2AC788B4-1694-E3BF-3FAD-D1672BD9184E}</UniqueIdentifier>
    </Filter>
    <Filter Include="Platform\Windows">
      <UniqueIdentifier>{64FBD71A-50F4-F66C-7926-DCF1657ED678}</UniqueIdentifier>
    </Filter>
    <Filter Include="Povox">
      <UniqueIdentifier>{418BE50D-AD9F-0DBF-7621-B11EE2F409F0}</UniqueIdentifier>
    </Filter>
    <Filter Include="Povox\Core">
      <UniqueIdentifier>{39E02C5D-2598-6EAA-8E9F-47067A76099B}</UniqueIdentifier>
    </Filter>
    <Filter Include="Povox\Events">
      <UniqueIdentifier>{05E40761-F146-9705-9ACC-CFBB860E6388}</UniqueIdentifier>
    </Filter>
    <Filter Include="Povox\ImGui">
      <UniqueIdentifier>{2BAD3303-9762-ACF8-2057-A6CF8C0BA3FC}</UniqueIdentifier>
    </Filter>
  </ItemGroup>
  <ItemGroup>
    <ClInclude Include="src\Platform\Windows\WindowsWindow.h">
      <Filter>Platform\Windows</Filter>
    </ClInclude>
    <ClInclude Include="src\Povox.h" />
    <ClInclude Include="src\Povox\Core\Application.h">
      <Filter>Povox\Core</Filter>
    </ClInclude>
    <ClInclude Include="src\Povox\Core\Core.h">
      <Filter>Povox\Core</Filter>
    </ClInclude>
    <ClInclude Include="src\Povox\Core\EntryPoint.h">
      <Filter>Povox\Core</Filter>
    </ClInclude>
    <ClInclude Include="src\Povox\Core\Layer.h">
      <Filter>Povox\Core</Filter>
    </ClInclude>
    <ClInclude Include="src\Povox\Core\LayerStack.h">
      <Filter>Povox\Core</Filter>
    </ClInclude>
    <ClInclude Include="src\Povox\Core\Log.h">
      <Filter>Povox\Core</Filter>
    </ClInclude>
    <ClInclude Include="src\Povox\Core\Window.h">
      <Filter>Povox\Core</Filter>
    </ClInclude>
    <ClInclude Include="src\Povox\Events\ApplicationEvent.h">
      <Filter>Povox\Events</Filter>
    </ClInclude>
    <ClInclude Include="src\Povox\Events\Event.h">
      <Filter>Povox\Events</Filter>
    </ClInclude>
    <ClInclude Include="src\Povox\Events\KeyEvent.h">
      <Filter>Povox\Events</Filter>
    </ClInclude>
    <ClInclude Include="src\Povox\Events\MouseEvent.h">
      <Filter>Povox\Events</Filter>
    </ClInclude>
    <ClInclude Include="src\Povox\ImGui\ImGuiLayer.h">
      <Filter>Povox\ImGui</Filter>
    </ClInclude>
    <ClInclude Include="src\pxpch.h" />
    <ClInclude Include="src\Povox\Core\Input.h" />
    <ClInclude Include="src\Platform\Windows\WindowsInput.h" />
  </ItemGroup>
  <ItemGroup>
    <ClCompile Include="src\Platform\Windows\WindowsWindow.cpp">
      <Filter>Platform\Windows</Filter>
    </ClCompile>
    <ClCompile Include="src\Povox\Core\Application.cpp">
      <Filter>Povox\Core</Filter>
    </ClCompile>
    <ClCompile Include="src\Povox\Core\Layer.cpp">
      <Filter>Povox\Core</Filter>
    </ClCompile>
    <ClCompile Include="src\Povox\Core\LayerStack.cpp">
      <Filter>Povox\Core</Filter>
    </ClCompile>
    <ClCompile Include="src\Povox\Core\Log.cpp">
      <Filter>Povox\Core</Filter>
    </ClCompile>
    <ClCompile Include="src\Povox\Core\Window.cpp">
      <Filter>Povox\Core</Filter>
    </ClCompile>
    <ClCompile Include="src\Povox\ImGui\ImGuiBuild.cpp">
      <Filter>Povox\ImGui</Filter>
    </ClCompile>
    <ClCompile Include="src\Povox\ImGui\ImGuiLayer.cpp">
      <Filter>Povox\ImGui</Filter>
    </ClCompile>
    <ClCompile Include="src\pxpch.cpp" />
    <ClCompile Include="src\Platform\Windows\WindowsInput.cpp" />
  </ItemGroup>
</Project>